// !$*UTF8*$!
{
	archiveVersion = 1;
	classes = {
	};
	objectVersion = 46;
	objects = {

/* Begin PBXBuildFile section */
		DF464AA51CFCF37B00A400BE /* PhotosViewController.swift in Sources */ = {isa = PBXBuildFile; fileRef = DF464AA41CFCF37B00A400BE /* PhotosViewController.swift */; };
		DF464AA71CFCF89F00A400BE /* CustomCell.swift in Sources */ = {isa = PBXBuildFile; fileRef = DF464AA61CFCF89F00A400BE /* CustomCell.swift */; };
		DF464AA91D00CE5000A400BE /* SlideShowViewController.swift in Sources */ = {isa = PBXBuildFile; fileRef = DF464AA81D00CE4F00A400BE /* SlideShowViewController.swift */; };
		DFAE830C1CF399FC00689047 /* AppDelegate.swift in Sources */ = {isa = PBXBuildFile; fileRef = DFAE830B1CF399FC00689047 /* AppDelegate.swift */; };
		DFAE830E1CF399FC00689047 /* ViewController.swift in Sources */ = {isa = PBXBuildFile; fileRef = DFAE830D1CF399FC00689047 /* ViewController.swift */; };
		DFAE83111CF399FC00689047 /* Main.storyboard in Resources */ = {isa = PBXBuildFile; fileRef = DFAE830F1CF399FC00689047 /* Main.storyboard */; };
		DFAE83141CF399FC00689047 /* PhotosApp.xcdatamodeld in Sources */ = {isa = PBXBuildFile; fileRef = DFAE83121CF399FC00689047 /* PhotosApp.xcdatamodeld */; };
		DFAE83161CF399FC00689047 /* Assets.xcassets in Resources */ = {isa = PBXBuildFile; fileRef = DFAE83151CF399FC00689047 /* Assets.xcassets */; };
		DFAE83191CF399FC00689047 /* LaunchScreen.storyboard in Resources */ = {isa = PBXBuildFile; fileRef = DFAE83171CF399FC00689047 /* LaunchScreen.storyboard */; };
		DFAE83241CF399FC00689047 /* PhotosAppTests.swift in Sources */ = {isa = PBXBuildFile; fileRef = DFAE83231CF399FC00689047 /* PhotosAppTests.swift */; };
		DFAE832F1CF399FC00689047 /* PhotosAppUITests.swift in Sources */ = {isa = PBXBuildFile; fileRef = DFAE832E1CF399FC00689047 /* PhotosAppUITests.swift */; };
		DFAE834D1CF43A3500689047 /* DisplayViewController.swift in Sources */ = {isa = PBXBuildFile; fileRef = DFAE834C1CF43A3500689047 /* DisplayViewController.swift */; };
		DFB4B8711D07930100F18644 /* Photos+CoreDataProperties.swift in Sources */ = {isa = PBXBuildFile; fileRef = DFB4B86F1D07930100F18644 /* Photos+CoreDataProperties.swift */; };
		DFB4B8721D07930100F18644 /* Photos.swift in Sources */ = {isa = PBXBuildFile; fileRef = DFB4B8701D07930100F18644 /* Photos.swift */; };
		DFB4B8741D0A0F4600F18644 /* ListViewController.swift in Sources */ = {isa = PBXBuildFile; fileRef = DFB4B8731D0A0F4600F18644 /* ListViewController.swift */; };
		DFB4B8761D0A1E1C00F18644 /* ListTableViewCell.swift in Sources */ = {isa = PBXBuildFile; fileRef = DFB4B8751D0A1E1C00F18644 /* ListTableViewCell.swift */; };
		DFB4B8791D14A42800F18644 /* Group+CoreDataProperties.swift in Sources */ = {isa = PBXBuildFile; fileRef = DFB4B8771D14A42700F18644 /* Group+CoreDataProperties.swift */; };
		DFB4B87A1D14A42800F18644 /* Group.swift in Sources */ = {isa = PBXBuildFile; fileRef = DFB4B8781D14A42700F18644 /* Group.swift */; };
/* End PBXBuildFile section */

/* Begin PBXContainerItemProxy section */
		DFAE83201CF399FC00689047 /* PBXContainerItemProxy */ = {
			isa = PBXContainerItemProxy;
			containerPortal = DFAE83001CF399FC00689047 /* Project object */;
			proxyType = 1;
			remoteGlobalIDString = DFAE83071CF399FC00689047;
			remoteInfo = PhotosApp;
		};
		DFAE832B1CF399FC00689047 /* PBXContainerItemProxy */ = {
			isa = PBXContainerItemProxy;
			containerPortal = DFAE83001CF399FC00689047 /* Project object */;
			proxyType = 1;
			remoteGlobalIDString = DFAE83071CF399FC00689047;
			remoteInfo = PhotosApp;
		};
/* End PBXContainerItemProxy section */

/* Begin PBXFileReference section */
		DF464AA41CFCF37B00A400BE /* PhotosViewController.swift */ = {isa = PBXFileReference; fileEncoding = 4; lastKnownFileType = sourcecode.swift; path = PhotosViewController.swift; sourceTree = "<group>"; };
		DF464AA61CFCF89F00A400BE /* CustomCell.swift */ = {isa = PBXFileReference; fileEncoding = 4; lastKnownFileType = sourcecode.swift; path = CustomCell.swift; sourceTree = "<group>"; };
		DF464AA81D00CE4F00A400BE /* SlideShowViewController.swift */ = {isa = PBXFileReference; fileEncoding = 4; lastKnownFileType = sourcecode.swift; path = SlideShowViewController.swift; sourceTree = "<group>"; };
		DFAE83081CF399FC00689047 /* PhotosApp.app */ = {isa = PBXFileReference; explicitFileType = wrapper.application; includeInIndex = 0; path = PhotosApp.app; sourceTree = BUILT_PRODUCTS_DIR; };
		DFAE830B1CF399FC00689047 /* AppDelegate.swift */ = {isa = PBXFileReference; lastKnownFileType = sourcecode.swift; path = AppDelegate.swift; sourceTree = "<group>"; };
		DFAE830D1CF399FC00689047 /* ViewController.swift */ = {isa = PBXFileReference; lastKnownFileType = sourcecode.swift; path = ViewController.swift; sourceTree = "<group>"; };
		DFAE83101CF399FC00689047 /* Base */ = {isa = PBXFileReference; lastKnownFileType = file.storyboard; name = Base; path = Base.lproj/Main.storyboard; sourceTree = "<group>"; };
		DFAE83131CF399FC00689047 /* PhotosApp.xcdatamodel */ = {isa = PBXFileReference; lastKnownFileType = wrapper.xcdatamodel; path = PhotosApp.xcdatamodel; sourceTree = "<group>"; };
		DFAE83151CF399FC00689047 /* Assets.xcassets */ = {isa = PBXFileReference; lastKnownFileType = folder.assetcatalog; path = Assets.xcassets; sourceTree = "<group>"; };
		DFAE83181CF399FC00689047 /* Base */ = {isa = PBXFileReference; lastKnownFileType = file.storyboard; name = Base; path = Base.lproj/LaunchScreen.storyboard; sourceTree = "<group>"; };
		DFAE831A1CF399FC00689047 /* Info.plist */ = {isa = PBXFileReference; lastKnownFileType = text.plist.xml; path = Info.plist; sourceTree = "<group>"; };
		DFAE831F1CF399FC00689047 /* PhotosAppTests.xctest */ = {isa = PBXFileReference; explicitFileType = wrapper.cfbundle; includeInIndex = 0; path = PhotosAppTests.xctest; sourceTree = BUILT_PRODUCTS_DIR; };
		DFAE83231CF399FC00689047 /* PhotosAppTests.swift */ = {isa = PBXFileReference; lastKnownFileType = sourcecode.swift; path = PhotosAppTests.swift; sourceTree = "<group>"; };
		DFAE83251CF399FC00689047 /* Info.plist */ = {isa = PBXFileReference; lastKnownFileType = text.plist.xml; path = Info.plist; sourceTree = "<group>"; };
		DFAE832A1CF399FC00689047 /* PhotosAppUITests.xctest */ = {isa = PBXFileReference; explicitFileType = wrapper.cfbundle; includeInIndex = 0; path = PhotosAppUITests.xctest; sourceTree = BUILT_PRODUCTS_DIR; };
		DFAE832E1CF399FC00689047 /* PhotosAppUITests.swift */ = {isa = PBXFileReference; lastKnownFileType = sourcecode.swift; path = PhotosAppUITests.swift; sourceTree = "<group>"; };
		DFAE83301CF399FC00689047 /* Info.plist */ = {isa = PBXFileReference; lastKnownFileType = text.plist.xml; path = Info.plist; sourceTree = "<group>"; };
		DFAE834C1CF43A3500689047 /* DisplayViewController.swift */ = {isa = PBXFileReference; fileEncoding = 4; lastKnownFileType = sourcecode.swift; path = DisplayViewController.swift; sourceTree = "<group>"; };
		DFB4B86F1D07930100F18644 /* Photos+CoreDataProperties.swift */ = {isa = PBXFileReference; fileEncoding = 4; lastKnownFileType = sourcecode.swift; path = "Photos+CoreDataProperties.swift"; sourceTree = "<group>"; };
		DFB4B8701D07930100F18644 /* Photos.swift */ = {isa = PBXFileReference; fileEncoding = 4; lastKnownFileType = sourcecode.swift; path = Photos.swift; sourceTree = "<group>"; };
		DFB4B8731D0A0F4600F18644 /* ListViewController.swift */ = {isa = PBXFileReference; fileEncoding = 4; lastKnownFileType = sourcecode.swift; path = ListViewController.swift; sourceTree = "<group>"; };
		DFB4B8751D0A1E1C00F18644 /* ListTableViewCell.swift */ = {isa = PBXFileReference; fileEncoding = 4; lastKnownFileType = sourcecode.swift; path = ListTableViewCell.swift; sourceTree = "<group>"; };
		DFB4B8771D14A42700F18644 /* Group+CoreDataProperties.swift */ = {isa = PBXFileReference; fileEncoding = 4; lastKnownFileType = sourcecode.swift; path = "Group+CoreDataProperties.swift"; sourceTree = "<group>"; };
		DFB4B8781D14A42700F18644 /* Group.swift */ = {isa = PBXFileReference; fileEncoding = 4; lastKnownFileType = sourcecode.swift; path = Group.swift; sourceTree = "<group>"; };
/* End PBXFileReference section */

/* Begin PBXFrameworksBuildPhase section */
		DFAE83051CF399FC00689047 /* Frameworks */ = {
			isa = PBXFrameworksBuildPhase;
			buildActionMask = 2147483647;
			files = (
			);
			runOnlyForDeploymentPostprocessing = 0;
		};
		DFAE831C1CF399FC00689047 /* Frameworks */ = {
			isa = PBXFrameworksBuildPhase;
			buildActionMask = 2147483647;
			files = (
			);
			runOnlyForDeploymentPostprocessing = 0;
		};
		DFAE83271CF399FC00689047 /* Frameworks */ = {
			isa = PBXFrameworksBuildPhase;
			buildActionMask = 2147483647;
			files = (
			);
			runOnlyForDeploymentPostprocessing = 0;
		};
/* End PBXFrameworksBuildPhase section */

/* Begin PBXGroup section */
		DFAE82FF1CF399FC00689047 = {
			isa = PBXGroup;
			children = (
				DFAE830A1CF399FC00689047 /* PhotosApp */,
				DFAE83221CF399FC00689047 /* PhotosAppTests */,
				DFAE832D1CF399FC00689047 /* PhotosAppUITests */,
				DFAE83091CF399FC00689047 /* Products */,
			);
			sourceTree = "<group>";
		};
		DFAE83091CF399FC00689047 /* Products */ = {
			isa = PBXGroup;
			children = (
				DFAE83081CF399FC00689047 /* PhotosApp.app */,
				DFAE831F1CF399FC00689047 /* PhotosAppTests.xctest */,
				DFAE832A1CF399FC00689047 /* PhotosAppUITests.xctest */,
			);
			name = Products;
			sourceTree = "<group>";
		};
		DFAE830A1CF399FC00689047 /* PhotosApp */ = {
			isa = PBXGroup;
			children = (
				DFB4B8731D0A0F4600F18644 /* ListViewController.swift */,
				DF464AA41CFCF37B00A400BE /* PhotosViewController.swift */,
				DFAE830D1CF399FC00689047 /* ViewController.swift */,
				DFAE834C1CF43A3500689047 /* DisplayViewController.swift */,
				DF464AA81D00CE4F00A400BE /* SlideShowViewController.swift */,
				DFAE830F1CF399FC00689047 /* Main.storyboard */,
				DFAE830B1CF399FC00689047 /* AppDelegate.swift */,
				DFB4B86F1D07930100F18644 /* Photos+CoreDataProperties.swift */,
				DFB4B8701D07930100F18644 /* Photos.swift */,
				DFB4B8781D14A42700F18644 /* Group.swift */,
				DFB4B8771D14A42700F18644 /* Group+CoreDataProperties.swift */,
				DFAE83171CF399FC00689047 /* LaunchScreen.storyboard */,
				DFAE831A1CF399FC00689047 /* Info.plist */,
				DFAE83121CF399FC00689047 /* PhotosApp.xcdatamodeld */,
				DF464AA61CFCF89F00A400BE /* CustomCell.swift */,
				DFB4B8751D0A1E1C00F18644 /* ListTableViewCell.swift */,
				DFAE83151CF399FC00689047 /* Assets.xcassets */,
			);
			path = PhotosApp;
			sourceTree = "<group>";
		};
		DFAE83221CF399FC00689047 /* PhotosAppTests */ = {
			isa = PBXGroup;
			children = (
				DFAE83231CF399FC00689047 /* PhotosAppTests.swift */,
				DFAE83251CF399FC00689047 /* Info.plist */,
			);
			path = PhotosAppTests;
			sourceTree = "<group>";
		};
		DFAE832D1CF399FC00689047 /* PhotosAppUITests */ = {
			isa = PBXGroup;
			children = (
				DFAE832E1CF399FC00689047 /* PhotosAppUITests.swift */,
				DFAE83301CF399FC00689047 /* Info.plist */,
			);
			path = PhotosAppUITests;
			sourceTree = "<group>";
		};
/* End PBXGroup section */

/* Begin PBXNativeTarget section */
		DFAE83071CF399FC00689047 /* PhotosApp */ = {
			isa = PBXNativeTarget;
			buildConfigurationList = DFAE83331CF399FC00689047 /* Build configuration list for PBXNativeTarget "PhotosApp" */;
			buildPhases = (
				DFAE83041CF399FC00689047 /* Sources */,
				DFAE83051CF399FC00689047 /* Frameworks */,
				DFAE83061CF399FC00689047 /* Resources */,
			);
			buildRules = (
			);
			dependencies = (
			);
			name = PhotosApp;
			productName = PhotosApp;
			productReference = DFAE83081CF399FC00689047 /* PhotosApp.app */;
			productType = "com.apple.product-type.application";
		};
		DFAE831E1CF399FC00689047 /* PhotosAppTests */ = {
			isa = PBXNativeTarget;
			buildConfigurationList = DFAE83361CF399FC00689047 /* Build configuration list for PBXNativeTarget "PhotosAppTests" */;
			buildPhases = (
				DFAE831B1CF399FC00689047 /* Sources */,
				DFAE831C1CF399FC00689047 /* Frameworks */,
				DFAE831D1CF399FC00689047 /* Resources */,
			);
			buildRules = (
			);
			dependencies = (
				DFAE83211CF399FC00689047 /* PBXTargetDependency */,
			);
			name = PhotosAppTests;
			productName = PhotosAppTests;
			productReference = DFAE831F1CF399FC00689047 /* PhotosAppTests.xctest */;
			productType = "com.apple.product-type.bundle.unit-test";
		};
		DFAE83291CF399FC00689047 /* PhotosAppUITests */ = {
			isa = PBXNativeTarget;
			buildConfigurationList = DFAE83391CF399FC00689047 /* Build configuration list for PBXNativeTarget "PhotosAppUITests" */;
			buildPhases = (
				DFAE83261CF399FC00689047 /* Sources */,
				DFAE83271CF399FC00689047 /* Frameworks */,
				DFAE83281CF399FC00689047 /* Resources */,
			);
			buildRules = (
			);
			dependencies = (
				DFAE832C1CF399FC00689047 /* PBXTargetDependency */,
			);
			name = PhotosAppUITests;
			productName = PhotosAppUITests;
			productReference = DFAE832A1CF399FC00689047 /* PhotosAppUITests.xctest */;
			productType = "com.apple.product-type.bundle.ui-testing";
		};
/* End PBXNativeTarget section */

/* Begin PBXProject section */
		DFAE83001CF399FC00689047 /* Project object */ = {
			isa = PBXProject;
			attributes = {
				LastSwiftUpdateCheck = 0730;
				LastUpgradeCheck = 0730;
				ORGANIZATIONNAME = "Ram Harshvardhan Radhakrishnan";
				TargetAttributes = {
					DFAE83071CF399FC00689047 = {
						CreatedOnToolsVersion = 7.3.1;
					};
					DFAE831E1CF399FC00689047 = {
						CreatedOnToolsVersion = 7.3.1;
						TestTargetID = DFAE83071CF399FC00689047;
					};
					DFAE83291CF399FC00689047 = {
						CreatedOnToolsVersion = 7.3.1;
						TestTargetID = DFAE83071CF399FC00689047;
					};
				};
			};
			buildConfigurationList = DFAE83031CF399FC00689047 /* Build configuration list for PBXProject "PhotosApp" */;
			compatibilityVersion = "Xcode 3.2";
			developmentRegion = English;
			hasScannedForEncodings = 0;
			knownRegions = (
				en,
				Base,
			);
			mainGroup = DFAE82FF1CF399FC00689047;
			productRefGroup = DFAE83091CF399FC00689047 /* Products */;
			projectDirPath = "";
			projectRoot = "";
			targets = (
				DFAE83071CF399FC00689047 /* PhotosApp */,
				DFAE831E1CF399FC00689047 /* PhotosAppTests */,
				DFAE83291CF399FC00689047 /* PhotosAppUITests */,
			);
		};
/* End PBXProject section */

/* Begin PBXResourcesBuildPhase section */
		DFAE83061CF399FC00689047 /* Resources */ = {
			isa = PBXResourcesBuildPhase;
			buildActionMask = 2147483647;
			files = (
				DFAE83191CF399FC00689047 /* LaunchScreen.storyboard in Resources */,
				DFAE83161CF399FC00689047 /* Assets.xcassets in Resources */,
				DFAE83111CF399FC00689047 /* Main.storyboard in Resources */,
			);
			runOnlyForDeploymentPostprocessing = 0;
		};
		DFAE831D1CF399FC00689047 /* Resources */ = {
			isa = PBXResourcesBuildPhase;
			buildActionMask = 2147483647;
			files = (
			);
			runOnlyForDeploymentPostprocessing = 0;
		};
		DFAE83281CF399FC00689047 /* Resources */ = {
			isa = PBXResourcesBuildPhase;
			buildActionMask = 2147483647;
			files = (
			);
			runOnlyForDeploymentPostprocessing = 0;
		};
/* End PBXResourcesBuildPhase section */

/* Begin PBXSourcesBuildPhase section */
		DFAE83041CF399FC00689047 /* Sources */ = {
			isa = PBXSourcesBuildPhase;
			buildActionMask = 2147483647;
			files = (
				DFB4B8761D0A1E1C00F18644 /* ListTableViewCell.swift in Sources */,
				DFB4B8791D14A42800F18644 /* Group+CoreDataProperties.swift in Sources */,
				DF464AA51CFCF37B00A400BE /* PhotosViewController.swift in Sources */,
				DFAE834D1CF43A3500689047 /* DisplayViewController.swift in Sources */,
				DFAE830E1CF399FC00689047 /* ViewController.swift in Sources */,
				DF464AA71CFCF89F00A400BE /* CustomCell.swift in Sources */,
				DFB4B87A1D14A42800F18644 /* Group.swift in Sources */,
				DFB4B8721D07930100F18644 /* Photos.swift in Sources */,
				DF464AA91D00CE5000A400BE /* SlideShowViewController.swift in Sources */,
				DFB4B8711D07930100F18644 /* Photos+CoreDataProperties.swift in Sources */,
				DFAE83141CF399FC00689047 /* PhotosApp.xcdatamodeld in Sources */,
				DFB4B8741D0A0F4600F18644 /* ListViewController.swift in Sources */,
				DFAE830C1CF399FC00689047 /* AppDelegate.swift in Sources */,
			);
			runOnlyForDeploymentPostprocessing = 0;
		};
		DFAE831B1CF399FC00689047 /* Sources */ = {
			isa = PBXSourcesBuildPhase;
			buildActionMask = 2147483647;
			files = (
				DFAE83241CF399FC00689047 /* PhotosAppTests.swift in Sources */,
			);
			runOnlyForDeploymentPostprocessing = 0;
		};
		DFAE83261CF399FC00689047 /* Sources */ = {
			isa = PBXSourcesBuildPhase;
			buildActionMask = 2147483647;
			files = (
				DFAE832F1CF399FC00689047 /* PhotosAppUITests.swift in Sources */,
			);
			runOnlyForDeploymentPostprocessing = 0;
		};
/* End PBXSourcesBuildPhase section */

/* Begin PBXTargetDependency section */
		DFAE83211CF399FC00689047 /* PBXTargetDependency */ = {
			isa = PBXTargetDependency;
			target = DFAE83071CF399FC00689047 /* PhotosApp */;
			targetProxy = DFAE83201CF399FC00689047 /* PBXContainerItemProxy */;
		};
		DFAE832C1CF399FC00689047 /* PBXTargetDependency */ = {
			isa = PBXTargetDependency;
			target = DFAE83071CF399FC00689047 /* PhotosApp */;
			targetProxy = DFAE832B1CF399FC00689047 /* PBXContainerItemProxy */;
		};
/* End PBXTargetDependency section */

/* Begin PBXVariantGroup section */
		DFAE830F1CF399FC00689047 /* Main.storyboard */ = {
			isa = PBXVariantGroup;
			children = (
				DFAE83101CF399FC00689047 /* Base */,
			);
			name = Main.storyboard;
			sourceTree = "<group>";
		};
		DFAE83171CF399FC00689047 /* LaunchScreen.storyboard */ = {
			isa = PBXVariantGroup;
			children = (
				DFAE83181CF399FC00689047 /* Base */,
			);
			name = LaunchScreen.storyboard;
			sourceTree = "<group>";
		};
/* End PBXVariantGroup section */

/* Begin XCBuildConfiguration section */
		DFAE83311CF399FC00689047 /* Debug */ = {
			isa = XCBuildConfiguration;
			buildSettings = {
				ALWAYS_SEARCH_USER_PATHS = NO;
				CLANG_ANALYZER_NONNULL = YES;
				CLANG_CXX_LANGUAGE_STANDARD = "gnu++0x";
				CLANG_CXX_LIBRARY = "libc++";
				CLANG_ENABLE_MODULES = YES;
				CLANG_ENABLE_OBJC_ARC = YES;
				CLANG_WARN_BOOL_CONVERSION = YES;
				CLANG_WARN_CONSTANT_CONVERSION = YES;
				CLANG_WARN_DIRECT_OBJC_ISA_USAGE = YES_ERROR;
				CLANG_WARN_EMPTY_BODY = YES;
				CLANG_WARN_ENUM_CONVERSION = YES;
				CLANG_WARN_INT_CONVERSION = YES;
				CLANG_WARN_OBJC_ROOT_CLASS = YES_ERROR;
				CLANG_WARN_UNREACHABLE_CODE = YES;
				CLANG_WARN__DUPLICATE_METHOD_MATCH = YES;
				"CODE_SIGN_IDENTITY[sdk=iphoneos*]" = "iPhone Developer";
				COPY_PHASE_STRIP = NO;
				DEBUG_INFORMATION_FORMAT = dwarf;
				ENABLE_STRICT_OBJC_MSGSEND = YES;
				ENABLE_TESTABILITY = YES;
				GCC_C_LANGUAGE_STANDARD = gnu99;
				GCC_DYNAMIC_NO_PIC = NO;
				GCC_NO_COMMON_BLOCKS = YES;
				GCC_OPTIMIZATION_LEVEL = 0;
				GCC_PREPROCESSOR_DEFINITIONS = (
					"DEBUG=1",
					"$(inherited)",
				);
				GCC_WARN_64_TO_32_BIT_CONVERSION = YES;
				GCC_WARN_ABOUT_RETURN_TYPE = YES_ERROR;
				GCC_WARN_UNDECLARED_SELECTOR = YES;
				GCC_WARN_UNINITIALIZED_AUTOS = YES_AGGRESSIVE;
				GCC_WARN_UNUSED_FUNCTION = YES;
				GCC_WARN_UNUSED_VARIABLE = YES;
				IPHONEOS_DEPLOYMENT_TARGET = 9.3;
				MTL_ENABLE_DEBUG_INFO = YES;
				ONLY_ACTIVE_ARCH = YES;
				SDKROOT = iphoneos;
				SWIFT_OPTIMIZATION_LEVEL = "-Onone";
				TARGETED_DEVICE_FAMILY = "1,2";
			};
			name = Debug;
		};
		DFAE83321CF399FC00689047 /* Release */ = {
			isa = XCBuildConfiguration;
			buildSettings = {
				ALWAYS_SEARCH_USER_PATHS = NO;
				CLANG_ANALYZER_NONNULL = YES;
				CLANG_CXX_LANGUAGE_STANDARD = "gnu++0x";
				CLANG_CXX_LIBRARY = "libc++";
				CLANG_ENABLE_MODULES = YES;
				CLANG_ENABLE_OBJC_ARC = YES;
				CLANG_WARN_BOOL_CONVERSION = YES;
				CLANG_WARN_CONSTANT_CONVERSION = YES;
				CLANG_WARN_DIRECT_OBJC_ISA_USAGE = YES_ERROR;
				CLANG_WARN_EMPTY_BODY = YES;
				CLANG_WARN_ENUM_CONVERSION = YES;
				CLANG_WARN_INT_CONVERSION = YES;
				CLANG_WARN_OBJC_ROOT_CLASS = YES_ERROR;
				CLANG_WARN_UNREACHABLE_CODE = YES;
				CLANG_WARN__DUPLICATE_METHOD_MATCH = YES;
				"CODE_SIGN_IDENTITY[sdk=iphoneos*]" = "iPhone Developer";
				COPY_PHASE_STRIP = NO;
				DEBUG_INFORMATION_FORMAT = "dwarf-with-dsym";
				ENABLE_NS_ASSERTIONS = NO;
				ENABLE_STRICT_OBJC_MSGSEND = YES;
				GCC_C_LANGUAGE_STANDARD = gnu99;
				GCC_NO_COMMON_BLOCKS = YES;
				GCC_WARN_64_TO_32_BIT_CONVERSION = YES;
				GCC_WARN_ABOUT_RETURN_TYPE = YES_ERROR;
				GCC_WARN_UNDECLARED_SELECTOR = YES;
				GCC_WARN_UNINITIALIZED_AUTOS = YES_AGGRESSIVE;
				GCC_WARN_UNUSED_FUNCTION = YES;
				GCC_WARN_UNUSED_VARIABLE = YES;
				IPHONEOS_DEPLOYMENT_TARGET = 9.3;
				MTL_ENABLE_DEBUG_INFO = NO;
				SDKROOT = iphoneos;
				TARGETED_DEVICE_FAMILY = "1,2";
				VALIDATE_PRODUCT = YES;
			};
			name = Release;
		};
		DFAE83341CF399FC00689047 /* Debug */ = {
			isa = XCBuildConfiguration;
			buildSettings = {
				ASSETCATALOG_COMPILER_APPICON_NAME = AppIcon;
				CODE_SIGN_IDENTITY = "iPhone Developer: Ram Harshvardhan Radhakrishnan (2PT8A95WCB)";
				INFOPLIST_FILE = PhotosApp/Info.plist;
				IPHONEOS_DEPLOYMENT_TARGET = 7.0;
				LD_RUNPATH_SEARCH_PATHS = "$(inherited) @executable_path/Frameworks";
				PRODUCT_BUNDLE_IDENTIFIER = com.ram.PhotosApp;
				PRODUCT_NAME = "$(TARGET_NAME)";
			};
			name = Debug;
		};
		DFAE83351CF399FC00689047 /* Release */ = {
			isa = XCBuildConfiguration;
			buildSettings = {
				ASSETCATALOG_COMPILER_APPICON_NAME = AppIcon;
				CODE_SIGN_IDENTITY = "iPhone Developer: Ram Harshvardhan Radhakrishnan (2PT8A95WCB)";
				INFOPLIST_FILE = PhotosApp/Info.plist;
				IPHONEOS_DEPLOYMENT_TARGET = 7.0;
				LD_RUNPATH_SEARCH_PATHS = "$(inherited) @executable_path/Frameworks";
				PRODUCT_BUNDLE_IDENTIFIER = com.ram.PhotosApp;
				PRODUCT_NAME = "$(TARGET_NAME)";
			};
			name = Release;
		};
		DFAE83371CF399FC00689047 /* Debug */ = {
			isa = XCBuildConfiguration;
			buildSettings = {
				BUNDLE_LOADER = "$(TEST_HOST)";
				INFOPLIST_FILE = PhotosAppTests/Info.plist;
				LD_RUNPATH_SEARCH_PATHS = "$(inherited) @executable_path/Frameworks @loader_path/Frameworks";
				PRODUCT_BUNDLE_IDENTIFIER = com.ram.PhotosAppTests;
				PRODUCT_NAME = "$(TARGET_NAME)";
				TEST_HOST = "$(BUILT_PRODUCTS_DIR)/PhotosApp.app/PhotosApp";
			};
			name = Debug;
		};
		DFAE83381CF399FC00689047 /* Release */ = {
			isa = XCBuildConfiguration;
			buildSettings = {
				BUNDLE_LOADER = "$(TEST_HOST)";
				INFOPLIST_FILE = PhotosAppTests/Info.plist;
				LD_RUNPATH_SEARCH_PATHS = "$(inherited) @executable_path/Frameworks @loader_path/Frameworks";
				PRODUCT_BUNDLE_IDENTIFIER = com.ram.PhotosAppTests;
				PRODUCT_NAME = "$(TARGET_NAME)";
				TEST_HOST = "$(BUILT_PRODUCTS_DIR)/PhotosApp.app/PhotosApp";
			};
			name = Release;
		};
		DFAE833A1CF399FC00689047 /* Debug */ = {
			isa = XCBuildConfiguration;
			buildSettings = {
				INFOPLIST_FILE = PhotosAppUITests/Info.plist;
				LD_RUNPATH_SEARCH_PATHS = "$(inherited) @executable_path/Frameworks @loader_path/Frameworks";
				PRODUCT_BUNDLE_IDENTIFIER = com.ram.PhotosAppUITests;
				PRODUCT_NAME = "$(TARGET_NAME)";
				TEST_TARGET_NAME = PhotosApp;
			};
			name = Debug;
		};
		DFAE833B1CF399FC00689047 /* Release */ = {
			isa = XCBuildConfiguration;
			buildSettings = {
				INFOPLIST_FILE = PhotosAppUITests/Info.plist;
				LD_RUNPATH_SEARCH_PATHS = "$(inherited) @executable_path/Frameworks @loader_path/Frameworks";
				PRODUCT_BUNDLE_IDENTIFIER = com.ram.PhotosAppUITests;
				PRODUCT_NAME = "$(TARGET_NAME)";
				TEST_TARGET_NAME = PhotosApp;
			};
			name = Release;
		};
/* End XCBuildConfiguration section */

/* Begin XCConfigurationList section */
		DFAE83031CF399FC00689047 /* Build configuration list for PBXProject "PhotosApp" */ = {
			isa = XCConfigurationList;
			buildConfigurations = (
				DFAE83311CF399FC00689047 /* Debug */,
				DFAE83321CF399FC00689047 /* Release */,
			);
			defaultConfigurationIsVisible = 0;
			defaultConfigurationName = Release;
		};
		DFAE83331CF399FC00689047 /* Build configuration list for PBXNativeTarget "PhotosApp" */ = {
			isa = XCConfigurationList;
			buildConfigurations = (
				DFAE83341CF399FC00689047 /* Debug */,
				DFAE83351CF399FC00689047 /* Release */,
			);
			defaultConfigurationIsVisible = 0;
			defaultConfigurationName = Release;
		};
		DFAE83361CF399FC00689047 /* Build configuration list for PBXNativeTarget "PhotosAppTests" */ = {
			isa = XCConfigurationList;
			buildConfigurations = (
				DFAE83371CF399FC00689047 /* Debug */,
				DFAE83381CF399FC00689047 /* Release */,
			);
			defaultConfigurationIsVisible = 0;
			defaultConfigurationName = Release;
		};
		DFAE83391CF399FC00689047 /* Build configuration list for PBXNativeTarget "PhotosAppUITests" */ = {
			isa = XCConfigurationList;
			buildConfigurations = (
				DFAE833A1CF399FC00689047 /* Debug */,
				DFAE833B1CF399FC00689047 /* Release */,
			);
			defaultConfigurationIsVisible = 0;
			defaultConfigurationName = Release;
		};
/* End XCConfigurationList section */

/* Begin XCVersionGroup section */
		DFAE83121CF399FC00689047 /* PhotosApp.xcdatamodeld */ = {
			isa = XCVersionGroup;
			children = (
				DFAE83131CF399FC00689047 /* PhotosApp.xcdatamodel */,
			);
			currentVersion = DFAE83131CF399FC00689047 /* PhotosApp.xcdatamodel */;
			path = PhotosApp.xcdatamodeld;
			sourceTree = "<group>";
			versionGroupType = wrapper.xcdatamodel;
		};
/* End XCVersionGroup section */
	};
	rootObject = DFAE83001CF399FC00689047 /* Project object */;
}
